// !$*UTF8*$!
{
	archiveVersion = 1;
	classes = {
	};
	objectVersion = 55;
	objects = {

/* Begin PBXBuildFile section */
		B7065CDC2732CBA400E5E946 /* WebPageViewController.swift in Sources */ = {isa = PBXBuildFile; fileRef = B7065CDB2732CBA400E5E946 /* WebPageViewController.swift */; };
		B793684627329D56001D814D /* AppDelegate.swift in Sources */ = {isa = PBXBuildFile; fileRef = B793684527329D56001D814D /* AppDelegate.swift */; };
		B793684827329D56001D814D /* SceneDelegate.swift in Sources */ = {isa = PBXBuildFile; fileRef = B793684727329D56001D814D /* SceneDelegate.swift */; };
		B793684A27329D56001D814D /* MainViewController.swift in Sources */ = {isa = PBXBuildFile; fileRef = B793684927329D56001D814D /* MainViewController.swift */; };
		B793684D27329D56001D814D /* Main.storyboard in Resources */ = {isa = PBXBuildFile; fileRef = B793684B27329D56001D814D /* Main.storyboard */; };
		B793684F27329D59001D814D /* Assets.xcassets in Resources */ = {isa = PBXBuildFile; fileRef = B793684E27329D59001D814D /* Assets.xcassets */; };
		B793685227329D59001D814D /* LaunchScreen.storyboard in Resources */ = {isa = PBXBuildFile; fileRef = B793685027329D59001D814D /* LaunchScreen.storyboard */; };
		B793685B27329D93001D814D /* NetworkMisc.swift in Sources */ = {isa = PBXBuildFile; fileRef = B793685A27329D93001D814D /* NetworkMisc.swift */; };
		B793685D2732A1C5001D814D /* FeedNewsTableViewCell.swift in Sources */ = {isa = PBXBuildFile; fileRef = B793685C2732A1C5001D814D /* FeedNewsTableViewCell.swift */; };
		B793685F2732AD95001D814D /* DataManager.swift in Sources */ = {isa = PBXBuildFile; fileRef = B793685E2732AD95001D814D /* DataManager.swift */; };
/* End PBXBuildFile section */

/* Begin PBXFileReference section */
		B7065CDB2732CBA400E5E946 /* WebPageViewController.swift */ = {isa = PBXFileReference; lastKnownFileType = sourcecode.swift; path = WebPageViewController.swift; sourceTree = "<group>"; };
		B793684227329D56001D814D /* NetworkApp1.app */ = {isa = PBXFileReference; explicitFileType = wrapper.application; includeInIndex = 0; path = NetworkApp1.app; sourceTree = BUILT_PRODUCTS_DIR; };
		B793684527329D56001D814D /* AppDelegate.swift */ = {isa = PBXFileReference; lastKnownFileType = sourcecode.swift; path = AppDelegate.swift; sourceTree = "<group>"; };
		B793684727329D56001D814D /* SceneDelegate.swift */ = {isa = PBXFileReference; lastKnownFileType = sourcecode.swift; path = SceneDelegate.swift; sourceTree = "<group>"; };
		B793684927329D56001D814D /* MainViewController.swift */ = {isa = PBXFileReference; lastKnownFileType = sourcecode.swift; path = MainViewController.swift; sourceTree = "<group>"; };
		B793684C27329D56001D814D /* Base */ = {isa = PBXFileReference; lastKnownFileType = file.storyboard; name = Base; path = Base.lproj/Main.storyboard; sourceTree = "<group>"; };
		B793684E27329D59001D814D /* Assets.xcassets */ = {isa = PBXFileReference; lastKnownFileType = folder.assetcatalog; path = Assets.xcassets; sourceTree = "<group>"; };
		B793685127329D59001D814D /* Base */ = {isa = PBXFileReference; lastKnownFileType = file.storyboard; name = Base; path = Base.lproj/LaunchScreen.storyboard; sourceTree = "<group>"; };
		B793685327329D59001D814D /* Info.plist */ = {isa = PBXFileReference; lastKnownFileType = text.plist.xml; path = Info.plist; sourceTree = "<group>"; };
		B793685A27329D93001D814D /* NetworkMisc.swift */ = {isa = PBXFileReference; lastKnownFileType = sourcecode.swift; path = NetworkMisc.swift; sourceTree = "<group>"; };
		B793685C2732A1C5001D814D /* FeedNewsTableViewCell.swift */ = {isa = PBXFileReference; lastKnownFileType = sourcecode.swift; path = FeedNewsTableViewCell.swift; sourceTree = "<group>"; };
		B793685E2732AD95001D814D /* DataManager.swift */ = {isa = PBXFileReference; lastKnownFileType = sourcecode.swift; path = DataManager.swift; sourceTree = "<group>"; };
/* End PBXFileReference section */

/* Begin PBXFrameworksBuildPhase section */
		B793683F27329D56001D814D /* Frameworks */ = {
			isa = PBXFrameworksBuildPhase;
			buildActionMask = 2147483647;
			files = (
			);
			runOnlyForDeploymentPostprocessing = 0;
		};
/* End PBXFrameworksBuildPhase section */

/* Begin PBXGroup section */
		B793683927329D56001D814D = {
			isa = PBXGroup;
			children = (
				B793685927329D6A001D814D /* Network */,
				B793684427329D56001D814D /* NetworkApp1 */,
				B793684327329D56001D814D /* Products */,
			);
			sourceTree = "<group>";
		};
		B793684327329D56001D814D /* Products */ = {
			isa = PBXGroup;
			children = (
				B793684227329D56001D814D /* NetworkApp1.app */,
			);
			name = Products;
			sourceTree = "<group>";
		};
		B793684427329D56001D814D /* NetworkApp1 */ = {
			isa = PBXGroup;
			children = (
				B793684527329D56001D814D /* AppDelegate.swift */,
				B793684727329D56001D814D /* SceneDelegate.swift */,
				B793684927329D56001D814D /* MainViewController.swift */,
				B7065CDB2732CBA400E5E946 /* WebPageViewController.swift */,
				B793685C2732A1C5001D814D /* FeedNewsTableViewCell.swift */,
				B793684B27329D56001D814D /* Main.storyboard */,
				B793684E27329D59001D814D /* Assets.xcassets */,
				B793685027329D59001D814D /* LaunchScreen.storyboard */,
				B793685327329D59001D814D /* Info.plist */,
			);
			path = NetworkApp1;
			sourceTree = "<group>";
		};
		B793685927329D6A001D814D /* Network */ = {
			isa = PBXGroup;
			children = (
				B793685E2732AD95001D814D /* DataManager.swift */,
				B793685A27329D93001D814D /* NetworkMisc.swift */,
			);
			path = Network;
			sourceTree = "<group>";
		};
/* End PBXGroup section */

/* Begin PBXNativeTarget section */
		B793684127329D56001D814D /* NetworkApp1 */ = {
			isa = PBXNativeTarget;
			buildConfigurationList = B793685627329D59001D814D /* Build configuration list for PBXNativeTarget "NetworkApp1" */;
			buildPhases = (
				B793683E27329D56001D814D /* Sources */,
				B793683F27329D56001D814D /* Frameworks */,
				B793684027329D56001D814D /* Resources */,
			);
			buildRules = (
			);
			dependencies = (
			);
			name = NetworkApp1;
			productName = NetworkApp1;
			productReference = B793684227329D56001D814D /* NetworkApp1.app */;
			productType = "com.apple.product-type.application";
		};
/* End PBXNativeTarget section */

/* Begin PBXProject section */
		B793683A27329D56001D814D /* Project object */ = {
			isa = PBXProject;
			attributes = {
				BuildIndependentTargetsInParallel = 1;
				LastSwiftUpdateCheck = 1310;
				LastUpgradeCheck = 1310;
				TargetAttributes = {
					B793684127329D56001D814D = {
						CreatedOnToolsVersion = 13.1;
					};
				};
			};
			buildConfigurationList = B793683D27329D56001D814D /* Build configuration list for PBXProject "NetworkApp1" */;
			compatibilityVersion = "Xcode 13.0";
			developmentRegion = en;
			hasScannedForEncodings = 0;
			knownRegions = (
				en,
				Base,
			);
			mainGroup = B793683927329D56001D814D;
			productRefGroup = B793684327329D56001D814D /* Products */;
			projectDirPath = "";
			projectRoot = "";
			targets = (
				B793684127329D56001D814D /* NetworkApp1 */,
			);
		};
/* End PBXProject section */

/* Begin PBXResourcesBuildPhase section */
		B793684027329D56001D814D /* Resources */ = {
			isa = PBXResourcesBuildPhase;
			buildActionMask = 2147483647;
			files = (
				B793685227329D59001D814D /* LaunchScreen.storyboard in Resources */,
				B793684F27329D59001D814D /* Assets.xcassets in Resources */,
				B793684D27329D56001D814D /* Main.storyboard in Resources */,
			);
			runOnlyForDeploymentPostprocessing = 0;
		};
/* End PBXResourcesBuildPhase section */

/* Begin PBXSourcesBuildPhase section */
		B793683E27329D56001D814D /* Sources */ = {
			isa = PBXSourcesBuildPhase;
			buildActionMask = 2147483647;
			files = (
				B793684A27329D56001D814D /* MainViewController.swift in Sources */,
				B793685F2732AD95001D814D /* DataManager.swift in Sources */,
				B793684627329D56001D814D /* AppDelegate.swift in Sources */,
				B793685D2732A1C5001D814D /* FeedNewsTableViewCell.swift in Sources */,
				B793685B27329D93001D814D /* NetworkMisc.swift in Sources */,
				B793684827329D56001D814D /* SceneDelegate.swift in Sources */,
				B7065CDC2732CBA400E5E946 /* WebPageViewController.swift in Sources */,
			);
			runOnlyForDeploymentPostprocessing = 0;
		};
/* End PBXSourcesBuildPhase section */

/* Begin PBXVariantGroup section */
		B793684B27329D56001D814D /* Main.storyboard */ = {
			isa = PBXVariantGroup;
			children = (
				B793684C27329D56001D814D /* Base */,
			);
			name = Main.storyboard;
			sourceTree = "<group>";
		};
		B793685027329D59001D814D /* LaunchScreen.storyboard */ = {
			isa = PBXVariantGroup;
			children = (
				B793685127329D59001D814D /* Base */,
			);
			name = LaunchScreen.storyboard;
			sourceTree = "<group>";
		};
/* End PBXVariantGroup section */

/* Begin XCBuildConfiguration section */
		B793685427329D59001D814D /* Debug */ = {
			isa = XCBuildConfiguration;
			buildSettings = {
				ALWAYS_SEARCH_USER_PATHS = NO;
				CLANG_ANALYZER_NONNULL = YES;
				CLANG_ANALYZER_NUMBER_OBJECT_CONVERSION = YES_AGGRESSIVE;
				CLANG_CXX_LANGUAGE_STANDARD = "gnu++17";
				CLANG_CXX_LIBRARY = "libc++";
				CLANG_ENABLE_MODULES = YES;
				CLANG_ENABLE_OBJC_ARC = YES;
				CLANG_ENABLE_OBJC_WEAK = YES;
				CLANG_WARN_BLOCK_CAPTURE_AUTORELEASING = YES;
				CLANG_WARN_BOOL_CONVERSION = YES;
				CLANG_WARN_COMMA = YES;
				CLANG_WARN_CONSTANT_CONVERSION = YES;
				CLANG_WARN_DEPRECATED_OBJC_IMPLEMENTATIONS = YES;
				CLANG_WARN_DIRECT_OBJC_ISA_USAGE = YES_ERROR;
				CLANG_WARN_DOCUMENTATION_COMMENTS = YES;
				CLANG_WARN_EMPTY_BODY = YES;
				CLANG_WARN_ENUM_CONVERSION = YES;
				CLANG_WARN_INFINITE_RECURSION = YES;
				CLANG_WARN_INT_CONVERSION = YES;
				CLANG_WARN_NON_LITERAL_NULL_CONVERSION = YES;
				CLANG_WARN_OBJC_IMPLICIT_RETAIN_SELF = YES;
				CLANG_WARN_OBJC_LITERAL_CONVERSION = YES;
				CLANG_WARN_OBJC_ROOT_CLASS = YES_ERROR;
				CLANG_WARN_QUOTED_INCLUDE_IN_FRAMEWORK_HEADER = YES;
				CLANG_WARN_RANGE_LOOP_ANALYSIS = YES;
				CLANG_WARN_STRICT_PROTOTYPES = YES;
				CLANG_WARN_SUSPICIOUS_MOVE = YES;
				CLANG_WARN_UNGUARDED_AVAILABILITY = YES_AGGRESSIVE;
				CLANG_WARN_UNREACHABLE_CODE = YES;
				CLANG_WARN__DUPLICATE_METHOD_MATCH = YES;
				COPY_PHASE_STRIP = NO;
				DEBUG_INFORMATION_FORMAT = dwarf;
				ENABLE_STRICT_OBJC_MSGSEND = YES;
				ENABLE_TESTABILITY = YES;
				GCC_C_LANGUAGE_STANDARD = gnu11;
				GCC_DYNAMIC_NO_PIC = NO;
				GCC_NO_COMMON_BLOCKS = YES;
				GCC_OPTIMIZATION_LEVEL = 0;
				GCC_PREPROCESSOR_DEFINITIONS = (
					"DEBUG=1",
					"$(inherited)",
				);
				GCC_WARN_64_TO_32_BIT_CONVERSION = YES;
				GCC_WARN_ABOUT_RETURN_TYPE = YES_ERROR;
				GCC_WARN_UNDECLARED_SELECTOR = YES;
				GCC_WARN_UNINITIALIZED_AUTOS = YES_AGGRESSIVE;
				GCC_WARN_UNUSED_FUNCTION = YES;
				GCC_WARN_UNUSED_VARIABLE = YES;
				IPHONEOS_DEPLOYMENT_TARGET = 15.0;
				MTL_ENABLE_DEBUG_INFO = INCLUDE_SOURCE;
				MTL_FAST_MATH = YES;
				ONLY_ACTIVE_ARCH = YES;
				SDKROOT = iphoneos;
				SWIFT_ACTIVE_COMPILATION_CONDITIONS = DEBUG;
				SWIFT_OPTIMIZATION_LEVEL = "-Onone";
			};
			name = Debug;
		};
		B793685527329D59001D814D /* Release */ = {
			isa = XCBuildConfiguration;
			buildSettings = {
				ALWAYS_SEARCH_USER_PATHS = NO;
				CLANG_ANALYZER_NONNULL = YES;
				CLANG_ANALYZER_NUMBER_OBJECT_CONVERSION = YES_AGGRESSIVE;
				CLANG_CXX_LANGUAGE_STANDARD = "gnu++17";
				CLANG_CXX_LIBRARY = "libc++";
				CLANG_ENABLE_MODULES = YES;
				CLANG_ENABLE_OBJC_ARC = YES;
				CLANG_ENABLE_OBJC_WEAK = YES;
				CLANG_WARN_BLOCK_CAPTURE_AUTORELEASING = YES;
				CLANG_WARN_BOOL_CONVERSION = YES;
				CLANG_WARN_COMMA = YES;
				CLANG_WARN_CONSTANT_CONVERSION = YES;
				CLANG_WARN_DEPRECATED_OBJC_IMPLEMENTATIONS = YES;
				CLANG_WARN_DIRECT_OBJC_ISA_USAGE = YES_ERROR;
				CLANG_WARN_DOCUMENTATION_COMMENTS = YES;
				CLANG_WARN_EMPTY_BODY = YES;
				CLANG_WARN_ENUM_CONVERSION = YES;
				CLANG_WARN_INFINITE_RECURSION = YES;
				CLANG_WARN_INT_CONVERSION = YES;
				CLANG_WARN_NON_LITERAL_NULL_CONVERSION = YES;
				CLANG_WARN_OBJC_IMPLICIT_RETAIN_SELF = YES;
				CLANG_WARN_OBJC_LITERAL_CONVERSION = YES;
				CLANG_WARN_OBJC_ROOT_CLASS = YES_ERROR;
				CLANG_WARN_QUOTED_INCLUDE_IN_FRAMEWORK_HEADER = YES;
				CLANG_WARN_RANGE_LOOP_ANALYSIS = YES;
				CLANG_WARN_STRICT_PROTOTYPES = YES;
				CLANG_WARN_SUSPICIOUS_MOVE = YES;
				CLANG_WARN_UNGUARDED_AVAILABILITY = YES_AGGRESSIVE;
				CLANG_WARN_UNREACHABLE_CODE = YES;
				CLANG_WARN__DUPLICATE_METHOD_MATCH = YES;
				COPY_PHASE_STRIP = NO;
				DEBUG_INFORMATION_FORMAT = "dwarf-with-dsym";
				ENABLE_NS_ASSERTIONS = NO;
				ENABLE_STRICT_OBJC_MSGSEND = YES;
				GCC_C_LANGUAGE_STANDARD = gnu11;
				GCC_NO_COMMON_BLOCKS = YES;
				GCC_WARN_64_TO_32_BIT_CONVERSION = YES;
				GCC_WARN_ABOUT_RETURN_TYPE = YES_ERROR;
				GCC_WARN_UNDECLARED_SELECTOR = YES;
				GCC_WARN_UNINITIALIZED_AUTOS = YES_AGGRESSIVE;
				GCC_WARN_UNUSED_FUNCTION = YES;
				GCC_WARN_UNUSED_VARIABLE = YES;
				IPHONEOS_DEPLOYMENT_TARGET = 15.0;
				MTL_ENABLE_DEBUG_INFO = NO;
				MTL_FAST_MATH = YES;
				SDKROOT = iphoneos;
				SWIFT_COMPILATION_MODE = wholemodule;
				SWIFT_OPTIMIZATION_LEVEL = "-O";
				VALIDATE_PRODUCT = YES;
			};
			name = Release;
		};
		B793685727329D59001D814D /* Debug */ = {
			isa = XCBuildConfiguration;
			buildSettings = {
				ASSETCATALOG_COMPILER_APPICON_NAME = AppIcon;
				ASSETCATALOG_COMPILER_GLOBAL_ACCENT_COLOR_NAME = AccentColor;
				CODE_SIGN_STYLE = Automatic;
				CURRENT_PROJECT_VERSION = 1;
				GENERATE_INFOPLIST_FILE = YES;
				INFOPLIST_FILE = NetworkApp1/Info.plist;
				INFOPLIST_KEY_UIApplicationSupportsIndirectInputEvents = YES;
				INFOPLIST_KEY_UILaunchStoryboardName = LaunchScreen;
				INFOPLIST_KEY_UIMainStoryboardFile = Main;
				INFOPLIST_KEY_UISupportedInterfaceOrientations_iPad = "UIInterfaceOrientationPortrait UIInterfaceOrientationPortraitUpsideDown UIInterfaceOrientationLandscapeLeft UIInterfaceOrientationLandscapeRight";
				INFOPLIST_KEY_UISupportedInterfaceOrientations_iPhone = "UIInterfaceOrientationPortrait UIInterfaceOrientationLandscapeLeft UIInterfaceOrientationLandscapeRight";
				LD_RUNPATH_SEARCH_PATHS = (
					"$(inherited)",
					"@executable_path/Frameworks",
				);
				MARKETING_VERSION = 1.0;
				PRODUCT_BUNDLE_IDENTIFIER = com.giuseppe.NetworkApp1;
				PRODUCT_NAME = "$(TARGET_NAME)";
				SWIFT_EMIT_LOC_STRINGS = YES;
				SWIFT_VERSION = 5.0;
				TARGETED_DEVICE_FAMILY = "1,2";
			};
			name = Debug;
		};
		B793685827329D59001D814D /* Release */ = {
			isa = XCBuildConfiguration;
			buildSettings = {
				ASSETCATALOG_COMPILER_APPICON_NAME = AppIcon;
				ASSETCATALOG_COMPILER_GLOBAL_ACCENT_COLOR_NAME = AccentColor;
				CODE_SIGN_STYLE = Automatic;
				CURRENT_PROJECT_VERSION = 1;
				GENERATE_INFOPLIST_FILE = YES;
				INFOPLIST_FILE = NetworkApp1/Info.plist;
				INFOPLIST_KEY_UIApplicationSupportsIndirectInputEvents = YES;
				INFOPLIST_KEY_UILaunchStoryboardName = LaunchScreen;
				INFOPLIST_KEY_UIMainStoryboardFile = Main;
				INFOPLIST_KEY_UISupportedInterfaceOrientations_iPad = "UIInterfaceOrientationPortrait UIInterfaceOrientationPortraitUpsideDown UIInterfaceOrientationLandscapeLeft UIInterfaceOrientationLandscapeRight";
				INFOPLIST_KEY_UISupportedInterfaceOrientations_iPhone = "UIInterfaceOrientationPortrait UIInterfaceOrientationLandscapeLeft UIInterfaceOrientationLandscapeRight";
				LD_RUNPATH_SEARCH_PATHS = (
					"$(inherited)",
					"@executable_path/Frameworks",
				);
				MARKETING_VERSION = 1.0;
				PRODUCT_BUNDLE_IDENTIFIER = com.giuseppe.NetworkApp1;
				PRODUCT_NAME = "$(TARGET_NAME)";
				SWIFT_EMIT_LOC_STRINGS = YES;
				SWIFT_VERSION = 5.0;
				TARGETED_DEVICE_FAMILY = "1,2";
			};
			name = Release;
		};
/* End XCBuildConfiguration section */

/* Begin XCConfigurationList section */
		B793683D27329D56001D814D /* Build configuration list for PBXProject "NetworkApp1" */ = {
			isa = XCConfigurationList;
			buildConfigurations = (
				B793685427329D59001D814D /* Debug */,
				B793685527329D59001D814D /* Release */,
			);
			defaultConfigurationIsVisible = 0;
			defaultConfigurationName = Release;
		};
		B793685627329D59001D814D /* Build configuration list for PBXNativeTarget "NetworkApp1" */ = {
			isa = XCConfigurationList;
			buildConfigurations = (
				B793685727329D59001D814D /* Debug */,
				B793685827329D59001D814D /* Release */,
			);
			defaultConfigurationIsVisible = 0;
			defaultConfigurationName = Release;
		};
/* End XCConfigurationList section */
	};
	rootObject = B793683A27329D56001D814D /* Project object */;
}
